
Microsoft Visual Studio Solution File, Format Version 12.00
# Visual Studio Version 16
VisualStudioVersion = 16.0.31402.337
MinimumVisualStudioVersion = 10.0.40219.1
Project("{FAE04EC0-301F-11D3-BF4B-00C04F79EFBC}") = "VistaWeb", "VistaWeb\VistaWeb.csproj", "{A069217C-9268-4319-98A4-CE5410333E7B}"
EndProject
Project("{FAE04EC0-301F-11D3-BF4B-00C04F79EFBC}") = "Modelo", "Modelo\Modelo.csproj", "{AA06DDD8-3CCB-445A-913B-B3A31864DCA0}"
EndProject
Project("{FAE04EC0-301F-11D3-BF4B-00C04F79EFBC}") = "Controlador", "Controlador\Controlador.csproj", "{2BF41269-C84C-41B3-A723-232A76142C20}"
EndProject
Global
	GlobalSection(SolutionConfigurationPlatforms) = preSolution
		Debug|Any CPU = Debug|Any CPU
		Release|Any CPU = Release|Any CPU
	EndGlobalSection
	GlobalSection(ProjectConfigurationPlatforms) = postSolution
		{A069217C-9268-4319-98A4-CE5410333E7B}.Debug|Any CPU.ActiveCfg = Debug|Any CPU
		{A069217C-9268-4319-98A4-CE5410333E7B}.Debug|Any CPU.Build.0 = Debug|Any CPU
		{A069217C-9268-4319-98A4-CE5410333E7B}.Release|Any CPU.ActiveCfg = Release|Any CPU
		{A069217C-9268-4319-98A4-CE5410333E7B}.Release|Any CPU.Build.0 = Release|Any CPU
		{AA06DDD8-3CCB-445A-913B-B3A31864DCA0}.Debug|Any CPU.ActiveCfg = Debug|Any CPU
		{AA06DDD8-3CCB-445A-913B-B3A31864DCA0}.Debug|Any CPU.Build.0 = Debug|Any CPU
		{AA06DDD8-3CCB-445A-913B-B3A31864DCA0}.Release|Any CPU.ActiveCfg = Release|Any CPU
		{AA06DDD8-3CCB-445A-913B-B3A31864DCA0}.Release|Any CPU.Build.0 = Release|Any CPU
		{2BF41269-C84C-41B3-A723-232A76142C20}.Debug|Any CPU.ActiveCfg = Debug|Any CPU
		{2BF41269-C84C-41B3-A723-232A76142C20}.Debug|Any CPU.Build.0 = Debug|Any CPU
		{2BF41269-C84C-41B3-A723-232A76142C20}.Release|Any CPU.ActiveCfg = Release|Any CPU
		{2BF41269-C84C-41B3-A723-232A76142C20}.Release|Any CPU.Build.0 = Release|Any CPU
	EndGlobalSection
	GlobalSection(SolutionProperties) = preSolution
		HideSolutionNode = FALSE
	EndGlobalSection
	GlobalSection(ExtensibilityGlobals) = postSolution
		SolutionGuid = {F7CB05AD-0875-4B69-8BF9-11FD52E937A4}
	EndGlobalSection
EndGlobal
